
Microsoft Visual Studio Solution File, Format Version 12.00
# Visual Studio 15
VisualStudioVersion = 15.0.28307.438
MinimumVisualStudioVersion = 10.0.40219.1
Project("{FAE04EC0-301F-11D3-BF4B-00C04F79EFBC}") = "Csharp_lab1", "Csharp_lab1\Csharp_lab1.csproj", "{3F175306-70AA-4AF3-B1F3-87D102F8747E}"
EndProject
Global
	GlobalSection(SolutionConfigurationPlatforms) = preSolution
		Debug|Any CPU = Debug|Any CPU
		Release|Any CPU = Release|Any CPU
	EndGlobalSection
	GlobalSection(ProjectConfigurationPlatforms) = postSolution
		{3F175306-70AA-4AF3-B1F3-87D102F8747E}.Debug|Any CPU.ActiveCfg = Debug|Any CPU
		{3F175306-70AA-4AF3-B1F3-87D102F8747E}.Debug|Any CPU.Build.0 = Debug|Any CPU
		{3F175306-70AA-4AF3-B1F3-87D102F8747E}.Release|Any CPU.ActiveCfg = Release|Any CPU
		{3F175306-70AA-4AF3-B1F3-87D102F8747E}.Release|Any CPU.Build.0 = Release|Any CPU
	EndGlobalSection
	GlobalSection(SolutionProperties) = preSolution
		HideSolutionNode = FALSE
	EndGlobalSection
	GlobalSection(ExtensibilityGlobals) = postSolution
		SolutionGuid = {DEFD0696-9356-4D18-BA49-886245197F2D}
	EndGlobalSection
EndGlobal
